
Microsoft Visual Studio Solution File, Format Version 12.00
Project("{FAE04EC0-301F-11D3-BF4B-00C04F79EFBC}") = "Pandora.Api", "Pandora.Api\Pandora.Api.csproj", "{6E3E576C-3C20-4B10-8F7F-5388CF3F013E}"
EndProject
Project("{FAE04EC0-301F-11D3-BF4B-00C04F79EFBC}") = "Pandora.Data", "Pandora.Data\Pandora.Data.csproj", "{6FF5CFBA-134D-4C47-9595-0558FF7F6DC3}"
EndProject
Project("{FAE04EC0-301F-11D3-BF4B-00C04F79EFBC}") = "Pandora.Definitions", "Pandora.Definitions\Pandora.Definitions.csproj", "{01CFE417-096E-47D7-8B47-2C29C895575B}"
EndProject
Project("{FAE04EC0-301F-11D3-BF4B-00C04F79EFBC}") = "Pandora.Definitions.ResourceManager", "Pandora.Definitions.ResourceManager\Pandora.Definitions.ResourceManager.csproj", "{0584F906-81C3-4681-9623-93AFEEFAC1D6}"
EndProject
Project("{FAE04EC0-301F-11D3-BF4B-00C04F79EFBC}") = "Pandora.Definitions.DataPlane", "Pandora.Definitions.DataPlane\Pandora.Definitions.DataPlane.csproj", "{B46FE2F5-15F0-4FF0-B515-5804AFD269C6}"
EndProject
Project("{FAE04EC0-301F-11D3-BF4B-00C04F79EFBC}") = "Pandora.Definitions.TestData", "Pandora.Definitions.TestData\Pandora.Definitions.TestData.csproj", "{067B0180-506F-426A-803A-0FC1B52861AB}"
EndProject
Project("{FAE04EC0-301F-11D3-BF4B-00C04F79EFBC}") = "Pandora.Definitions.HandDefined", "Pandora.Definitions.HandDefined\Pandora.Definitions.HandDefined.csproj", "{31ADFADD-5682-4C2C-A171-375ACA210A59}"
EndProject
Global
	GlobalSection(SolutionConfigurationPlatforms) = preSolution
		Debug|Any CPU = Debug|Any CPU
		Release|Any CPU = Release|Any CPU
	EndGlobalSection
	GlobalSection(ProjectConfigurationPlatforms) = postSolution
		{6E3E576C-3C20-4B10-8F7F-5388CF3F013E}.Debug|Any CPU.ActiveCfg = Debug|Any CPU
		{6E3E576C-3C20-4B10-8F7F-5388CF3F013E}.Debug|Any CPU.Build.0 = Debug|Any CPU
		{6E3E576C-3C20-4B10-8F7F-5388CF3F013E}.Release|Any CPU.ActiveCfg = Release|Any CPU
		{6E3E576C-3C20-4B10-8F7F-5388CF3F013E}.Release|Any CPU.Build.0 = Release|Any CPU
		{6FF5CFBA-134D-4C47-9595-0558FF7F6DC3}.Debug|Any CPU.ActiveCfg = Debug|Any CPU
		{6FF5CFBA-134D-4C47-9595-0558FF7F6DC3}.Debug|Any CPU.Build.0 = Debug|Any CPU
		{6FF5CFBA-134D-4C47-9595-0558FF7F6DC3}.Release|Any CPU.ActiveCfg = Release|Any CPU
		{6FF5CFBA-134D-4C47-9595-0558FF7F6DC3}.Release|Any CPU.Build.0 = Release|Any CPU
		{01CFE417-096E-47D7-8B47-2C29C895575B}.Debug|Any CPU.ActiveCfg = Debug|Any CPU
		{01CFE417-096E-47D7-8B47-2C29C895575B}.Debug|Any CPU.Build.0 = Debug|Any CPU
		{01CFE417-096E-47D7-8B47-2C29C895575B}.Release|Any CPU.ActiveCfg = Release|Any CPU
		{01CFE417-096E-47D7-8B47-2C29C895575B}.Release|Any CPU.Build.0 = Release|Any CPU
		{0584F906-81C3-4681-9623-93AFEEFAC1D6}.Debug|Any CPU.ActiveCfg = Debug|Any CPU
		{0584F906-81C3-4681-9623-93AFEEFAC1D6}.Debug|Any CPU.Build.0 = Debug|Any CPU
		{0584F906-81C3-4681-9623-93AFEEFAC1D6}.Release|Any CPU.ActiveCfg = Release|Any CPU
		{0584F906-81C3-4681-9623-93AFEEFAC1D6}.Release|Any CPU.Build.0 = Release|Any CPU
		{B46FE2F5-15F0-4FF0-B515-5804AFD269C6}.Debug|Any CPU.ActiveCfg = Debug|Any CPU
		{B46FE2F5-15F0-4FF0-B515-5804AFD269C6}.Debug|Any CPU.Build.0 = Debug|Any CPU
		{B46FE2F5-15F0-4FF0-B515-5804AFD269C6}.Release|Any CPU.ActiveCfg = Release|Any CPU
		{B46FE2F5-15F0-4FF0-B515-5804AFD269C6}.Release|Any CPU.Build.0 = Release|Any CPU
		{067B0180-506F-426A-803A-0FC1B52861AB}.Debug|Any CPU.ActiveCfg = Debug|Any CPU
		{067B0180-506F-426A-803A-0FC1B52861AB}.Debug|Any CPU.Build.0 = Debug|Any CPU
		{067B0180-506F-426A-803A-0FC1B52861AB}.Release|Any CPU.ActiveCfg = Release|Any CPU
		{067B0180-506F-426A-803A-0FC1B52861AB}.Release|Any CPU.Build.0 = Release|Any CPU
		{31ADFADD-5682-4C2C-A171-375ACA210A59}.Debug|Any CPU.ActiveCfg = Debug|Any CPU
		{31ADFADD-5682-4C2C-A171-375ACA210A59}.Debug|Any CPU.Build.0 = Debug|Any CPU
		{31ADFADD-5682-4C2C-A171-375ACA210A59}.Release|Any CPU.ActiveCfg = Release|Any CPU
		{31ADFADD-5682-4C2C-A171-375ACA210A59}.Release|Any CPU.Build.0 = Release|Any CPU
	EndGlobalSection
EndGlobal
